# generated by rye
# use `rye lock` or `rye sync` to update this lockfile
#
# last locked with the following flags:
#   pre: false
#   features: []
#   all-features: false
#   with-sources: false
#   generate-hashes: false
#   universal: false

-e file:.
aiosignal==1.3.1
    # via ray
alembic==1.13.2
    # via mlflow
aniso8601==9.0.1
    # via graphene
annotated-types==0.7.0
    # via pydantic
appnope==0.1.4
    # via ipykernel
asttokens==2.4.1
    # via stack-data
attrs==24.2.0
    # via jsonschema
    # via referencing
backports-tarfile==1.2.0
    # via jaraco-context
blinker==1.8.2
    # via flask
cachetools==5.5.0
    # via google-auth
    # via mlflow-skinny
certifi==2024.8.30
    # via requests
charset-normalizer==3.3.2
    # via requests
click==8.1.7
    # via flask
    # via mlflow-skinny
    # via ray
cloudpickle==3.0.0
    # via hyperopt
    # via mlflow-skinny
comm==0.2.2
    # via ipykernel
contourpy==1.3.0
    # via matplotlib
cycler==0.12.1
    # via matplotlib
databricks-sdk==0.32.3
    # via mlflow-skinny
debugpy==1.8.5
    # via ipykernel
decorator==5.1.1
    # via ipython
deprecated==1.2.14
    # via opentelemetry-api
docker==7.1.0
    # via mlflow
executing==2.1.0
    # via stack-data
filelock==3.16.1
    # via ray
    # via torch
flask==3.0.3
    # via mlflow
fonttools==4.53.1
    # via matplotlib
frozenlist==1.4.1
    # via aiosignal
    # via ray
fsspec==2024.9.0
    # via torch
future==1.0.0
    # via hyperopt
gitdb==4.0.11
    # via gitpython
gitpython==3.1.43
    # via mlflow-skinny
google-auth==2.35.0
    # via databricks-sdk
graphene==3.3
    # via mlflow
graphql-core==3.2.4
    # via graphene
    # via graphql-relay
graphql-relay==3.2.0
    # via graphene
gunicorn==23.0.0
    # via mlflow
hyperopt==0.2.7
    # via exercises
idna==3.10
    # via requests
importlib-metadata==8.5.0
    # via keyring
    # via mlflow-skinny
ipykernel==6.29.5
ipython==8.27.0
    # via ipykernel
itsdangerous==2.2.0
    # via flask
jaraco-classes==3.4.0
    # via keyring
jaraco-context==6.0.1
    # via keyring
jaraco-functools==4.0.2
    # via keyring
jedi==0.19.1
    # via ipython
jinja2==3.1.4
    # via flask
    # via mlflow
    # via torch
joblib==1.4.2
    # via scikit-learn
jsonschema==4.23.0
    # via ray
jsonschema-specifications==2023.12.1
    # via jsonschema
jupyter-client==8.6.3
    # via ipykernel
jupyter-core==5.7.2
    # via ipykernel
    # via jupyter-client
keyring==25.4.0
    # via mads-datasets
kiwisolver==1.4.7
    # via matplotlib
loguru==0.7.2
    # via exercises
    # via mads-datasets
    # via tytorch
mads-datasets==0.3.12
    # via exercises
mako==1.3.5
    # via alembic
markdown==3.7
    # via mlflow
markupsafe==2.1.5
    # via jinja2
    # via mako
    # via werkzeug
matplotlib==3.9.2
    # via mlflow
matplotlib-inline==0.1.7
    # via ipykernel
    # via ipython
mlflow==2.16.2
    # via exercises
mlflow-skinny==2.16.2
    # via mlflow
more-itertools==10.5.0
    # via jaraco-classes
    # via jaraco-functools
mpmath==1.3.0
    # via sympy
msgpack==1.1.0
    # via ray
nest-asyncio==1.6.0
    # via ipykernel
networkx==3.3
    # via hyperopt
    # via torch
numpy==2.1.1
    # via contourpy
    # via hyperopt
    # via mads-datasets
    # via matplotlib
    # via mlflow
    # via pandas
    # via pyarrow
    # via scikit-learn
    # via scipy
    # via torchvision
opentelemetry-api==1.16.0
    # via mlflow-skinny
    # via opentelemetry-sdk
opentelemetry-sdk==1.16.0
    # via mlflow-skinny
opentelemetry-semantic-conventions==0.37b0
    # via opentelemetry-sdk
packaging==24.1
    # via gunicorn
    # via ipykernel
    # via matplotlib
    # via mlflow-skinny
    # via ray
pandas==2.2.2
    # via mads-datasets
    # via mlflow
parso==0.8.4
    # via jedi
pexpect==4.9.0
    # via ipython
pillow==10.4.0
    # via mads-datasets
    # via matplotlib
    # via torchvision
platformdirs==4.3.6
    # via jupyter-core
polars==1.7.1
    # via mads-datasets
prompt-toolkit==3.0.47
    # via ipython
protobuf==5.28.2
    # via mlflow-skinny
    # via ray
psutil==6.0.0
    # via ipykernel
ptyprocess==0.7.0
    # via pexpect
pure-eval==0.2.3
    # via stack-data
py4j==0.10.9.7
    # via hyperopt
pyarrow==17.0.0
    # via mlflow
pyasn1==0.6.1
    # via pyasn1-modules
    # via rsa
pyasn1-modules==0.4.1
    # via google-auth
pydantic==2.9.2
    # via exercises
    # via mads-datasets
    # via tytorch
pydantic-core==2.23.4
    # via pydantic
pygments==2.18.0
    # via ipython
pyparsing==3.1.4
    # via matplotlib
python-dateutil==2.9.0.post0
    # via jupyter-client
    # via matplotlib
    # via pandas
pytz==2024.2
    # via pandas
pyyaml==6.0.2
    # via mlflow-skinny
    # via ray
pyzmq==26.2.0
    # via ipykernel
    # via jupyter-client
ray==2.36.0
    # via exercises
referencing==0.35.1
    # via jsonschema
    # via jsonschema-specifications
requests==2.32.3
    # via databricks-sdk
    # via docker
    # via mads-datasets
    # via mlflow-skinny
    # via ray
rpds-py==0.20.0
    # via jsonschema
    # via referencing
rsa==4.9
    # via google-auth
scikit-learn==1.5.2
    # via mlflow
scipy==1.14.1
    # via hyperopt
    # via mlflow
    # via scikit-learn
setuptools==75.1.0
    # via opentelemetry-api
    # via opentelemetry-sdk
    # via tytorch
six==1.16.0
    # via asttokens
    # via hyperopt
    # via python-dateutil
smmap==5.0.1
    # via gitdb
sqlalchemy==2.0.35
    # via alembic
    # via mlflow
sqlparse==0.5.1
    # via mlflow-skinny
stack-data==0.6.3
    # via ipython
sympy==1.13.3
    # via torch
threadpoolctl==3.5.0
    # via scikit-learn
torch==2.4.1
    # via exercises
    # via torchvision
torcheval==0.0.7
    # via exercises
torchvision==0.19.1
    # via exercises
tornado==6.4.1
    # via ipykernel
    # via jupyter-client
tqdm==4.66.5
    # via hyperopt
    # via mads-datasets
traitlets==5.14.3
    # via comm
    # via ipykernel
    # via ipython
    # via jupyter-client
    # via jupyter-core
    # via matplotlib-inline
typing-extensions==4.12.2
    # via alembic
    # via ipython
    # via opentelemetry-sdk
    # via pydantic
    # via pydantic-core
    # via sqlalchemy
    # via torch
    # via torcheval
tytorch @ git+https://github.com/safersephy/TyTorch.git@5463d93402fcf2cf3f5b22966f868e82f79e00ac
    # via exercises
tzdata==2024.1
    # via pandas
urllib3==2.2.3
    # via docker
    # via requests
wcwidth==0.2.13
    # via prompt-toolkit
werkzeug==3.0.4
    # via flask
wrapt==1.16.0
    # via deprecated
zipp==3.20.2
    # via importlib-metadata
